
Microsoft Visual Studio Solution File, Format Version 12.00
# Visual Studio 15
Project("{FAE04EC0-301F-11D3-BF4B-00C04F79EFBC}") = "Assembly-CSharp", "Assembly-CSharp.csproj", "{5DE56737-08BA-F8B7-04A7-9591538CF0FD}"
EndProject
Project("{FAE04EC0-301F-11D3-BF4B-00C04F79EFBC}") = "Assembly-CSharp-Editor", "Assembly-CSharp-Editor.csproj", "{992D6A1D-2B44-A6FF-C556-7A4B50EBAA05}"
EndProject
Global
	GlobalSection(SolutionConfigurationPlatforms) = preSolution
		Debug|Any CPU = Debug|Any CPU
		Release|Any CPU = Release|Any CPU
	EndGlobalSection
	GlobalSection(ProjectConfigurationPlatforms) = postSolution
		{5DE56737-08BA-F8B7-04A7-9591538CF0FD}.Debug|Any CPU.ActiveCfg = Debug|Any CPU
		{5DE56737-08BA-F8B7-04A7-9591538CF0FD}.Debug|Any CPU.Build.0 = Debug|Any CPU
		{5DE56737-08BA-F8B7-04A7-9591538CF0FD}.Release|Any CPU.ActiveCfg = Release|Any CPU
		{5DE56737-08BA-F8B7-04A7-9591538CF0FD}.Release|Any CPU.Build.0 = Release|Any CPU
		{992D6A1D-2B44-A6FF-C556-7A4B50EBAA05}.Debug|Any CPU.ActiveCfg = Debug|Any CPU
		{992D6A1D-2B44-A6FF-C556-7A4B50EBAA05}.Debug|Any CPU.Build.0 = Debug|Any CPU
		{992D6A1D-2B44-A6FF-C556-7A4B50EBAA05}.Release|Any CPU.ActiveCfg = Release|Any CPU
		{992D6A1D-2B44-A6FF-C556-7A4B50EBAA05}.Release|Any CPU.Build.0 = Release|Any CPU
	EndGlobalSection
	GlobalSection(SolutionProperties) = preSolution
		HideSolutionNode = FALSE
	EndGlobalSection
EndGlobal
